
Microsoft Visual Studio Solution File, Format Version 12.00
# Visual Studio 14
VisualStudioVersion = 14.0.23107.0
MinimumVisualStudioVersion = 10.0.40219.1
Project("{FAE04EC0-301F-11D3-BF4B-00C04F79EFBC}") = "Kafe_Otomasyonu", "Kafe_Otomasyonu\Kafe_Otomasyonu.csproj", "{945CF8E4-F6CF-422C-8F21-D43A7069569C}"
EndProject
Project("{54435603-DBB4-11D2-8724-00A0C9A8B90C}") = "Kafe Otomasyon Setup", "Kafe Otomasyon Setup\Kafe Otomasyon Setup.vdproj", "{4CD7C0F0-93FF-4FA6-BEBC-A6478789B256}"
EndProject
Global
	GlobalSection(SolutionConfigurationPlatforms) = preSolution
		CD_ROM|Any CPU = CD_ROM|Any CPU
		Debug|Any CPU = Debug|Any CPU
		DVD-5|Any CPU = DVD-5|Any CPU
		Release|Any CPU = Release|Any CPU
		SingleImage|Any CPU = SingleImage|Any CPU
	EndGlobalSection
	GlobalSection(ProjectConfigurationPlatforms) = postSolution
		{945CF8E4-F6CF-422C-8F21-D43A7069569C}.CD_ROM|Any CPU.ActiveCfg = Release|Any CPU
		{945CF8E4-F6CF-422C-8F21-D43A7069569C}.CD_ROM|Any CPU.Build.0 = Release|Any CPU
		{945CF8E4-F6CF-422C-8F21-D43A7069569C}.Debug|Any CPU.ActiveCfg = Debug|Any CPU
		{945CF8E4-F6CF-422C-8F21-D43A7069569C}.Debug|Any CPU.Build.0 = Debug|Any CPU
		{945CF8E4-F6CF-422C-8F21-D43A7069569C}.DVD-5|Any CPU.ActiveCfg = Debug|Any CPU
		{945CF8E4-F6CF-422C-8F21-D43A7069569C}.DVD-5|Any CPU.Build.0 = Debug|Any CPU
		{945CF8E4-F6CF-422C-8F21-D43A7069569C}.Release|Any CPU.ActiveCfg = Release|Any CPU
		{945CF8E4-F6CF-422C-8F21-D43A7069569C}.Release|Any CPU.Build.0 = Release|Any CPU
		{945CF8E4-F6CF-422C-8F21-D43A7069569C}.SingleImage|Any CPU.ActiveCfg = Release|Any CPU
		{945CF8E4-F6CF-422C-8F21-D43A7069569C}.SingleImage|Any CPU.Build.0 = Release|Any CPU
		{4CD7C0F0-93FF-4FA6-BEBC-A6478789B256}.CD_ROM|Any CPU.ActiveCfg = Release
		{4CD7C0F0-93FF-4FA6-BEBC-A6478789B256}.Debug|Any CPU.ActiveCfg = Debug
		{4CD7C0F0-93FF-4FA6-BEBC-A6478789B256}.DVD-5|Any CPU.ActiveCfg = Debug
		{4CD7C0F0-93FF-4FA6-BEBC-A6478789B256}.Release|Any CPU.ActiveCfg = Release
		{4CD7C0F0-93FF-4FA6-BEBC-A6478789B256}.SingleImage|Any CPU.ActiveCfg = Release
	EndGlobalSection
	GlobalSection(SolutionProperties) = preSolution
		HideSolutionNode = FALSE
	EndGlobalSection
EndGlobal
